// !$*UTF8*$!
{
	archiveVersion = 1;
	classes = {
	};
	objectVersion = 50;
	objects = {

/* Begin PBXBuildFile section */
		CE7BC10326E7A2D600869182 /* AppDelegate.swift in Sources */ = {isa = PBXBuildFile; fileRef = CE7BC10226E7A2D600869182 /* AppDelegate.swift */; };
		CE7BC10526E7A2D600869182 /* SceneDelegate.swift in Sources */ = {isa = PBXBuildFile; fileRef = CE7BC10426E7A2D600869182 /* SceneDelegate.swift */; };
		CE7BC10726E7A2D600869182 /* ViewController.swift in Sources */ = {isa = PBXBuildFile; fileRef = CE7BC10626E7A2D600869182 /* ViewController.swift */; };
		CE7BC10A26E7A2D600869182 /* Main.storyboard in Resources */ = {isa = PBXBuildFile; fileRef = CE7BC10826E7A2D600869182 /* Main.storyboard */; };
		CE7BC10C26E7A2D700869182 /* Assets.xcassets in Resources */ = {isa = PBXBuildFile; fileRef = CE7BC10B26E7A2D700869182 /* Assets.xcassets */; };
		CE7BC10F26E7A2D700869182 /* LaunchScreen.storyboard in Resources */ = {isa = PBXBuildFile; fileRef = CE7BC10D26E7A2D700869182 /* LaunchScreen.storyboard */; };
		CE7BC11726E7BDED00869182 /* CardModel.swift in Sources */ = {isa = PBXBuildFile; fileRef = CE7BC11626E7BDED00869182 /* CardModel.swift */; };
		CE7BC11926E7BF2E00869182 /* Card.swift in Sources */ = {isa = PBXBuildFile; fileRef = CE7BC11826E7BF2E00869182 /* Card.swift */; };
		CE7BC11B26E7DC7D00869182 /* CardCollectionViewCell.swift in Sources */ = {isa = PBXBuildFile; fileRef = CE7BC11A26E7DC7D00869182 /* CardCollectionViewCell.swift */; };
/* End PBXBuildFile section */

/* Begin PBXFileReference section */
		CE7BC0FF26E7A2D600869182 /* matchAppDay20.app */ = {isa = PBXFileReference; explicitFileType = wrapper.application; includeInIndex = 0; path = matchAppDay20.app; sourceTree = BUILT_PRODUCTS_DIR; };
		CE7BC10226E7A2D600869182 /* AppDelegate.swift */ = {isa = PBXFileReference; lastKnownFileType = sourcecode.swift; path = AppDelegate.swift; sourceTree = "<group>"; };
		CE7BC10426E7A2D600869182 /* SceneDelegate.swift */ = {isa = PBXFileReference; lastKnownFileType = sourcecode.swift; path = SceneDelegate.swift; sourceTree = "<group>"; };
		CE7BC10626E7A2D600869182 /* ViewController.swift */ = {isa = PBXFileReference; lastKnownFileType = sourcecode.swift; path = ViewController.swift; sourceTree = "<group>"; };
		CE7BC10926E7A2D600869182 /* Base */ = {isa = PBXFileReference; lastKnownFileType = file.storyboard; name = Base; path = Base.lproj/Main.storyboard; sourceTree = "<group>"; };
		CE7BC10B26E7A2D700869182 /* Assets.xcassets */ = {isa = PBXFileReference; lastKnownFileType = folder.assetcatalog; path = Assets.xcassets; sourceTree = "<group>"; };
		CE7BC10E26E7A2D700869182 /* Base */ = {isa = PBXFileReference; lastKnownFileType = file.storyboard; name = Base; path = Base.lproj/LaunchScreen.storyboard; sourceTree = "<group>"; };
		CE7BC11026E7A2D700869182 /* Info.plist */ = {isa = PBXFileReference; lastKnownFileType = text.plist.xml; path = Info.plist; sourceTree = "<group>"; };
		CE7BC11626E7BDED00869182 /* CardModel.swift */ = {isa = PBXFileReference; lastKnownFileType = sourcecode.swift; path = CardModel.swift; sourceTree = "<group>"; };
		CE7BC11826E7BF2E00869182 /* Card.swift */ = {isa = PBXFileReference; lastKnownFileType = sourcecode.swift; path = Card.swift; sourceTree = "<group>"; };
		CE7BC11A26E7DC7D00869182 /* CardCollectionViewCell.swift */ = {isa = PBXFileReference; lastKnownFileType = sourcecode.swift; path = CardCollectionViewCell.swift; sourceTree = "<group>"; };
/* End PBXFileReference section */

/* Begin PBXFrameworksBuildPhase section */
		CE7BC0FC26E7A2D600869182 /* Frameworks */ = {
			isa = PBXFrameworksBuildPhase;
			buildActionMask = 2147483647;
			files = (
			);
			runOnlyForDeploymentPostprocessing = 0;
		};
/* End PBXFrameworksBuildPhase section */

/* Begin PBXGroup section */
		CE7BC0F626E7A2D600869182 = {
			isa = PBXGroup;
			children = (
				CE7BC10126E7A2D600869182 /* matchAppDay20 */,
				CE7BC10026E7A2D600869182 /* Products */,
			);
			sourceTree = "<group>";
		};
		CE7BC10026E7A2D600869182 /* Products */ = {
			isa = PBXGroup;
			children = (
				CE7BC0FF26E7A2D600869182 /* matchAppDay20.app */,
			);
			name = Products;
			sourceTree = "<group>";
		};
		CE7BC10126E7A2D600869182 /* matchAppDay20 */ = {
			isa = PBXGroup;
			children = (
				CE7BC11C26E8A39B00869182 /* App Delegates */,
				CE7BC11E26E8A3E100869182 /* Models */,
				CE7BC11F26E8A44A00869182 /* Views */,
				CE7BC11D26E8A3CC00869182 /* View Controllers */,
				CE7BC12026E8A46F00869182 /* Screens */,
				CE7BC12126E8A48A00869182 /* Assets */,
				CE7BC11026E7A2D700869182 /* Info.plist */,
			);
			path = matchAppDay20;
			sourceTree = "<group>";
		};
		CE7BC11C26E8A39B00869182 /* App Delegates */ = {
			isa = PBXGroup;
			children = (
				CE7BC10226E7A2D600869182 /* AppDelegate.swift */,
				CE7BC10426E7A2D600869182 /* SceneDelegate.swift */,
			);
			path = "App Delegates";
			sourceTree = "<group>";
		};
		CE7BC11D26E8A3CC00869182 /* View Controllers */ = {
			isa = PBXGroup;
			children = (
				CE7BC10626E7A2D600869182 /* ViewController.swift */,
			);
			path = "View Controllers";
			sourceTree = "<group>";
		};
		CE7BC11E26E8A3E100869182 /* Models */ = {
			isa = PBXGroup;
			children = (
				CE7BC11826E7BF2E00869182 /* Card.swift */,
				CE7BC11626E7BDED00869182 /* CardModel.swift */,
			);
			path = Models;
			sourceTree = "<group>";
		};
		CE7BC11F26E8A44A00869182 /* Views */ = {
			isa = PBXGroup;
			children = (
				CE7BC11A26E7DC7D00869182 /* CardCollectionViewCell.swift */,
			);
			path = Views;
			sourceTree = "<group>";
		};
		CE7BC12026E8A46F00869182 /* Screens */ = {
			isa = PBXGroup;
			children = (
				CE7BC10826E7A2D600869182 /* Main.storyboard */,
				CE7BC10D26E7A2D700869182 /* LaunchScreen.storyboard */,
			);
			path = Screens;
			sourceTree = "<group>";
		};
		CE7BC12126E8A48A00869182 /* Assets */ = {
			isa = PBXGroup;
			children = (
				CE7BC10B26E7A2D700869182 /* Assets.xcassets */,
			);
			path = Assets;
			sourceTree = "<group>";
		};
/* End PBXGroup section */

/* Begin PBXNativeTarget section */
		CE7BC0FE26E7A2D600869182 /* matchAppDay20 */ = {
			isa = PBXNativeTarget;
			buildConfigurationList = CE7BC11326E7A2D700869182 /* Build configuration list for PBXNativeTarget "matchAppDay20" */;
			buildPhases = (
				CE7BC0FB26E7A2D600869182 /* Sources */,
				CE7BC0FC26E7A2D600869182 /* Frameworks */,
				CE7BC0FD26E7A2D600869182 /* Resources */,
			);
			buildRules = (
			);
			dependencies = (
			);
			name = matchAppDay20;
			productName = matchAppDay20;
			productReference = CE7BC0FF26E7A2D600869182 /* matchAppDay20.app */;
			productType = "com.apple.product-type.application";
		};
/* End PBXNativeTarget section */

/* Begin PBXProject section */
		CE7BC0F726E7A2D600869182 /* Project object */ = {
			isa = PBXProject;
			attributes = {
				LastSwiftUpdateCheck = 1250;
				LastUpgradeCheck = 1250;
				TargetAttributes = {
					CE7BC0FE26E7A2D600869182 = {
						CreatedOnToolsVersion = 12.5.1;
					};
				};
			};
			buildConfigurationList = CE7BC0FA26E7A2D600869182 /* Build configuration list for PBXProject "matchAppDay20" */;
			compatibilityVersion = "Xcode 9.3";
			developmentRegion = en;
			hasScannedForEncodings = 0;
			knownRegions = (
				en,
				Base,
			);
			mainGroup = CE7BC0F626E7A2D600869182;
			productRefGroup = CE7BC10026E7A2D600869182 /* Products */;
			projectDirPath = "";
			projectRoot = "";
			targets = (
				CE7BC0FE26E7A2D600869182 /* matchAppDay20 */,
			);
		};
/* End PBXProject section */

/* Begin PBXResourcesBuildPhase section */
		CE7BC0FD26E7A2D600869182 /* Resources */ = {
			isa = PBXResourcesBuildPhase;
			buildActionMask = 2147483647;
			files = (
				CE7BC10F26E7A2D700869182 /* LaunchScreen.storyboard in Resources */,
				CE7BC10C26E7A2D700869182 /* Assets.xcassets in Resources */,
				CE7BC10A26E7A2D600869182 /* Main.storyboard in Resources */,
			);
			runOnlyForDeploymentPostprocessing = 0;
		};
/* End PBXResourcesBuildPhase section */

/* Begin PBXSourcesBuildPhase section */
		CE7BC0FB26E7A2D600869182 /* Sources */ = {
			isa = PBXSourcesBuildPhase;
			buildActionMask = 2147483647;
			files = (
				CE7BC10726E7A2D600869182 /* ViewController.swift in Sources */,
				CE7BC11726E7BDED00869182 /* CardModel.swift in Sources */,
				CE7BC11926E7BF2E00869182 /* Card.swift in Sources */,
				CE7BC10326E7A2D600869182 /* AppDelegate.swift in Sources */,
				CE7BC11B26E7DC7D00869182 /* CardCollectionViewCell.swift in Sources */,
				CE7BC10526E7A2D600869182 /* SceneDelegate.swift in Sources */,
			);
			runOnlyForDeploymentPostprocessing = 0;
		};
/* End PBXSourcesBuildPhase section */

/* Begin PBXVariantGroup section */
		CE7BC10826E7A2D600869182 /* Main.storyboard */ = {
			isa = PBXVariantGroup;
			children = (
				CE7BC10926E7A2D600869182 /* Base */,
			);
			name = Main.storyboard;
			sourceTree = "<group>";
		};
		CE7BC10D26E7A2D700869182 /* LaunchScreen.storyboard */ = {
			isa = PBXVariantGroup;
			children = (
				CE7BC10E26E7A2D700869182 /* Base */,
			);
			name = LaunchScreen.storyboard;
			sourceTree = "<group>";
		};
/* End PBXVariantGroup section */

/* Begin XCBuildConfiguration section */
		CE7BC11126E7A2D700869182 /* Debug */ = {
			isa = XCBuildConfiguration;
			buildSettings = {
				ALWAYS_SEARCH_USER_PATHS = NO;
				CLANG_ANALYZER_NONNULL = YES;
				CLANG_ANALYZER_NUMBER_OBJECT_CONVERSION = YES_AGGRESSIVE;
				CLANG_CXX_LANGUAGE_STANDARD = "gnu++14";
				CLANG_CXX_LIBRARY = "libc++";
				CLANG_ENABLE_MODULES = YES;
				CLANG_ENABLE_OBJC_ARC = YES;
				CLANG_ENABLE_OBJC_WEAK = YES;
				CLANG_WARN_BLOCK_CAPTURE_AUTORELEASING = YES;
				CLANG_WARN_BOOL_CONVERSION = YES;
				CLANG_WARN_COMMA = YES;
				CLANG_WARN_CONSTANT_CONVERSION = YES;
				CLANG_WARN_DEPRECATED_OBJC_IMPLEMENTATIONS = YES;
				CLANG_WARN_DIRECT_OBJC_ISA_USAGE = YES_ERROR;
				CLANG_WARN_DOCUMENTATION_COMMENTS = YES;
				CLANG_WARN_EMPTY_BODY = YES;
				CLANG_WARN_ENUM_CONVERSION = YES;
				CLANG_WARN_INFINITE_RECURSION = YES;
				CLANG_WARN_INT_CONVERSION = YES;
				CLANG_WARN_NON_LITERAL_NULL_CONVERSION = YES;
				CLANG_WARN_OBJC_IMPLICIT_RETAIN_SELF = YES;
				CLANG_WARN_OBJC_LITERAL_CONVERSION = YES;
				CLANG_WARN_OBJC_ROOT_CLASS = YES_ERROR;
				CLANG_WARN_QUOTED_INCLUDE_IN_FRAMEWORK_HEADER = YES;
				CLANG_WARN_RANGE_LOOP_ANALYSIS = YES;
				CLANG_WARN_STRICT_PROTOTYPES = YES;
				CLANG_WARN_SUSPICIOUS_MOVE = YES;
				CLANG_WARN_UNGUARDED_AVAILABILITY = YES_AGGRESSIVE;
				CLANG_WARN_UNREACHABLE_CODE = YES;
				CLANG_WARN__DUPLICATE_METHOD_MATCH = YES;
				COPY_PHASE_STRIP = NO;
				DEBUG_INFORMATION_FORMAT = dwarf;
				ENABLE_STRICT_OBJC_MSGSEND = YES;
				ENABLE_TESTABILITY = YES;
				GCC_C_LANGUAGE_STANDARD = gnu11;
				GCC_DYNAMIC_NO_PIC = NO;
				GCC_NO_COMMON_BLOCKS = YES;
				GCC_OPTIMIZATION_LEVEL = 0;
				GCC_PREPROCESSOR_DEFINITIONS = (
					"DEBUG=1",
					"$(inherited)",
				);
				GCC_WARN_64_TO_32_BIT_CONVERSION = YES;
				GCC_WARN_ABOUT_RETURN_TYPE = YES_ERROR;
				GCC_WARN_UNDECLARED_SELECTOR = YES;
				GCC_WARN_UNINITIALIZED_AUTOS = YES_AGGRESSIVE;
				GCC_WARN_UNUSED_FUNCTION = YES;
				GCC_WARN_UNUSED_VARIABLE = YES;
				IPHONEOS_DEPLOYMENT_TARGET = 14.5;
				MTL_ENABLE_DEBUG_INFO = INCLUDE_SOURCE;
				MTL_FAST_MATH = YES;
				ONLY_ACTIVE_ARCH = YES;
				SDKROOT = iphoneos;
				SWIFT_ACTIVE_COMPILATION_CONDITIONS = DEBUG;
				SWIFT_OPTIMIZATION_LEVEL = "-Onone";
			};
			name = Debug;
		};
		CE7BC11226E7A2D700869182 /* Release */ = {
			isa = XCBuildConfiguration;
			buildSettings = {
				ALWAYS_SEARCH_USER_PATHS = NO;
				CLANG_ANALYZER_NONNULL = YES;
				CLANG_ANALYZER_NUMBER_OBJECT_CONVERSION = YES_AGGRESSIVE;
				CLANG_CXX_LANGUAGE_STANDARD = "gnu++14";
				CLANG_CXX_LIBRARY = "libc++";
				CLANG_ENABLE_MODULES = YES;
				CLANG_ENABLE_OBJC_ARC = YES;
				CLANG_ENABLE_OBJC_WEAK = YES;
				CLANG_WARN_BLOCK_CAPTURE_AUTORELEASING = YES;
				CLANG_WARN_BOOL_CONVERSION = YES;
				CLANG_WARN_COMMA = YES;
				CLANG_WARN_CONSTANT_CONVERSION = YES;
				CLANG_WARN_DEPRECATED_OBJC_IMPLEMENTATIONS = YES;
				CLANG_WARN_DIRECT_OBJC_ISA_USAGE = YES_ERROR;
				CLANG_WARN_DOCUMENTATION_COMMENTS = YES;
				CLANG_WARN_EMPTY_BODY = YES;
				CLANG_WARN_ENUM_CONVERSION = YES;
				CLANG_WARN_INFINITE_RECURSION = YES;
				CLANG_WARN_INT_CONVERSION = YES;
				CLANG_WARN_NON_LITERAL_NULL_CONVERSION = YES;
				CLANG_WARN_OBJC_IMPLICIT_RETAIN_SELF = YES;
				CLANG_WARN_OBJC_LITERAL_CONVERSION = YES;
				CLANG_WARN_OBJC_ROOT_CLASS = YES_ERROR;
				CLANG_WARN_QUOTED_INCLUDE_IN_FRAMEWORK_HEADER = YES;
				CLANG_WARN_RANGE_LOOP_ANALYSIS = YES;
				CLANG_WARN_STRICT_PROTOTYPES = YES;
				CLANG_WARN_SUSPICIOUS_MOVE = YES;
				CLANG_WARN_UNGUARDED_AVAILABILITY = YES_AGGRESSIVE;
				CLANG_WARN_UNREACHABLE_CODE = YES;
				CLANG_WARN__DUPLICATE_METHOD_MATCH = YES;
				COPY_PHASE_STRIP = NO;
				DEBUG_INFORMATION_FORMAT = "dwarf-with-dsym";
				ENABLE_NS_ASSERTIONS = NO;
				ENABLE_STRICT_OBJC_MSGSEND = YES;
				GCC_C_LANGUAGE_STANDARD = gnu11;
				GCC_NO_COMMON_BLOCKS = YES;
				GCC_WARN_64_TO_32_BIT_CONVERSION = YES;
				GCC_WARN_ABOUT_RETURN_TYPE = YES_ERROR;
				GCC_WARN_UNDECLARED_SELECTOR = YES;
				GCC_WARN_UNINITIALIZED_AUTOS = YES_AGGRESSIVE;
				GCC_WARN_UNUSED_FUNCTION = YES;
				GCC_WARN_UNUSED_VARIABLE = YES;
				IPHONEOS_DEPLOYMENT_TARGET = 14.5;
				MTL_ENABLE_DEBUG_INFO = NO;
				MTL_FAST_MATH = YES;
				SDKROOT = iphoneos;
				SWIFT_COMPILATION_MODE = wholemodule;
				SWIFT_OPTIMIZATION_LEVEL = "-O";
				VALIDATE_PRODUCT = YES;
			};
			name = Release;
		};
		CE7BC11426E7A2D700869182 /* Debug */ = {
			isa = XCBuildConfiguration;
			buildSettings = {
				ASSETCATALOG_COMPILER_APPICON_NAME = AppIcon;
				ASSETCATALOG_COMPILER_GLOBAL_ACCENT_COLOR_NAME = AccentColor;
				CODE_SIGN_STYLE = Automatic;
				INFOPLIST_FILE = matchAppDay20/Info.plist;
				LD_RUNPATH_SEARCH_PATHS = (
					"$(inherited)",
					"@executable_path/Frameworks",
				);
				PRODUCT_BUNDLE_IDENTIFIER = com.imperials.matchAppDay20;
				PRODUCT_NAME = "$(TARGET_NAME)";
				SWIFT_VERSION = 5.0;
				TARGETED_DEVICE_FAMILY = "1,2";
			};
			name = Debug;
		};
		CE7BC11526E7A2D700869182 /* Release */ = {
			isa = XCBuildConfiguration;
			buildSettings = {
				ASSETCATALOG_COMPILER_APPICON_NAME = AppIcon;
				ASSETCATALOG_COMPILER_GLOBAL_ACCENT_COLOR_NAME = AccentColor;
				CODE_SIGN_STYLE = Automatic;
				INFOPLIST_FILE = matchAppDay20/Info.plist;
				LD_RUNPATH_SEARCH_PATHS = (
					"$(inherited)",
					"@executable_path/Frameworks",
				);
				PRODUCT_BUNDLE_IDENTIFIER = com.imperials.matchAppDay20;
				PRODUCT_NAME = "$(TARGET_NAME)";
				SWIFT_VERSION = 5.0;
				TARGETED_DEVICE_FAMILY = "1,2";
			};
			name = Release;
		};
/* End XCBuildConfiguration section */

/* Begin XCConfigurationList section */
		CE7BC0FA26E7A2D600869182 /* Build configuration list for PBXProject "matchAppDay20" */ = {
			isa = XCConfigurationList;
			buildConfigurations = (
				CE7BC11126E7A2D700869182 /* Debug */,
				CE7BC11226E7A2D700869182 /* Release */,
			);
			defaultConfigurationIsVisible = 0;
			defaultConfigurationName = Release;
		};
		CE7BC11326E7A2D700869182 /* Build configuration list for PBXNativeTarget "matchAppDay20" */ = {
			isa = XCConfigurationList;
			buildConfigurations = (
				CE7BC11426E7A2D700869182 /* Debug */,
				CE7BC11526E7A2D700869182 /* Release */,
			);
			defaultConfigurationIsVisible = 0;
			defaultConfigurationName = Release;
		};
/* End XCConfigurationList section */
	};
	rootObject = CE7BC0F726E7A2D600869182 /* Project object */;
}
